
Microsoft Visual Studio Solution File, Format Version 12.00
# Visual Studio Version 16
VisualStudioVersion = 16.0.31624.102
MinimumVisualStudioVersion = 10.0.40219.1
Project("{FAE04EC0-301F-11D3-BF4B-00C04F79EFBC}") = "ABCSort_13", "ABCSort_13.csproj", "{601B48FB-7D62-4D52-B179-7E4D69A3E737}"
EndProject
Global
	GlobalSection(SolutionConfigurationPlatforms) = preSolution
		Debug|Any CPU = Debug|Any CPU
		Release|Any CPU = Release|Any CPU
	EndGlobalSection
	GlobalSection(ProjectConfigurationPlatforms) = postSolution
		{601B48FB-7D62-4D52-B179-7E4D69A3E737}.Debug|Any CPU.ActiveCfg = Debug|Any CPU
		{601B48FB-7D62-4D52-B179-7E4D69A3E737}.Debug|Any CPU.Build.0 = Debug|Any CPU
		{601B48FB-7D62-4D52-B179-7E4D69A3E737}.Release|Any CPU.ActiveCfg = Release|Any CPU
		{601B48FB-7D62-4D52-B179-7E4D69A3E737}.Release|Any CPU.Build.0 = Release|Any CPU
	EndGlobalSection
	GlobalSection(SolutionProperties) = preSolution
		HideSolutionNode = FALSE
	EndGlobalSection
	GlobalSection(ExtensibilityGlobals) = postSolution
		SolutionGuid = {5CD59AD8-F057-4139-A3ED-B591110FCCD2}
	EndGlobalSection
EndGlobal
