
Microsoft Visual Studio Solution File, Format Version 12.00
# Visual Studio Version 16
VisualStudioVersion = 16.0.31624.102
MinimumVisualStudioVersion = 10.0.40219.1
Project("{FAE04EC0-301F-11D3-BF4B-00C04F79EFBC}") = "Stack_14", "Stack_14.csproj", "{00E1720F-ACFF-4C9E-BC68-794F9BC63318}"
EndProject
Global
	GlobalSection(SolutionConfigurationPlatforms) = preSolution
		Debug|Any CPU = Debug|Any CPU
		Release|Any CPU = Release|Any CPU
	EndGlobalSection
	GlobalSection(ProjectConfigurationPlatforms) = postSolution
		{00E1720F-ACFF-4C9E-BC68-794F9BC63318}.Debug|Any CPU.ActiveCfg = Debug|Any CPU
		{00E1720F-ACFF-4C9E-BC68-794F9BC63318}.Debug|Any CPU.Build.0 = Debug|Any CPU
		{00E1720F-ACFF-4C9E-BC68-794F9BC63318}.Release|Any CPU.ActiveCfg = Release|Any CPU
		{00E1720F-ACFF-4C9E-BC68-794F9BC63318}.Release|Any CPU.Build.0 = Release|Any CPU
	EndGlobalSection
	GlobalSection(SolutionProperties) = preSolution
		HideSolutionNode = FALSE
	EndGlobalSection
	GlobalSection(ExtensibilityGlobals) = postSolution
		SolutionGuid = {DA80C2CF-D58A-4D0C-BC33-A0CD443B79A4}
	EndGlobalSection
EndGlobal
