
Microsoft Visual Studio Solution File, Format Version 12.00
# Visual Studio Version 16
VisualStudioVersion = 16.0.31624.102
MinimumVisualStudioVersion = 10.0.40219.1
Project("{FAE04EC0-301F-11D3-BF4B-00C04F79EFBC}") = "AlgPrima_17", "AlgPrima_17.csproj", "{EFF0A256-612A-4E4A-98A3-3C8F4BC864AB}"
EndProject
Global
	GlobalSection(SolutionConfigurationPlatforms) = preSolution
		Debug|Any CPU = Debug|Any CPU
		Release|Any CPU = Release|Any CPU
	EndGlobalSection
	GlobalSection(ProjectConfigurationPlatforms) = postSolution
		{EFF0A256-612A-4E4A-98A3-3C8F4BC864AB}.Debug|Any CPU.ActiveCfg = Debug|Any CPU
		{EFF0A256-612A-4E4A-98A3-3C8F4BC864AB}.Debug|Any CPU.Build.0 = Debug|Any CPU
		{EFF0A256-612A-4E4A-98A3-3C8F4BC864AB}.Release|Any CPU.ActiveCfg = Release|Any CPU
		{EFF0A256-612A-4E4A-98A3-3C8F4BC864AB}.Release|Any CPU.Build.0 = Release|Any CPU
	EndGlobalSection
	GlobalSection(SolutionProperties) = preSolution
		HideSolutionNode = FALSE
	EndGlobalSection
	GlobalSection(ExtensibilityGlobals) = postSolution
		SolutionGuid = {6A7235AD-4D92-4D91-8BBB-04ED7E532662}
	EndGlobalSection
EndGlobal
