
Microsoft Visual Studio Solution File, Format Version 12.00
# Visual Studio Version 16
VisualStudioVersion = 16.0.31624.102
MinimumVisualStudioVersion = 10.0.40219.1
Project("{FAE04EC0-301F-11D3-BF4B-00C04F79EFBC}") = "ShellSort_5", "ShellSort_5.csproj", "{8284C55B-348B-43BD-8A9D-42A698AC554D}"
EndProject
Global
	GlobalSection(SolutionConfigurationPlatforms) = preSolution
		Debug|Any CPU = Debug|Any CPU
		Release|Any CPU = Release|Any CPU
	EndGlobalSection
	GlobalSection(ProjectConfigurationPlatforms) = postSolution
		{8284C55B-348B-43BD-8A9D-42A698AC554D}.Debug|Any CPU.ActiveCfg = Debug|Any CPU
		{8284C55B-348B-43BD-8A9D-42A698AC554D}.Debug|Any CPU.Build.0 = Debug|Any CPU
		{8284C55B-348B-43BD-8A9D-42A698AC554D}.Release|Any CPU.ActiveCfg = Release|Any CPU
		{8284C55B-348B-43BD-8A9D-42A698AC554D}.Release|Any CPU.Build.0 = Release|Any CPU
	EndGlobalSection
	GlobalSection(SolutionProperties) = preSolution
		HideSolutionNode = FALSE
	EndGlobalSection
	GlobalSection(ExtensibilityGlobals) = postSolution
		SolutionGuid = {73D43D68-7C08-4832-8ECD-69E1B525789D}
	EndGlobalSection
EndGlobal
